// !$*UTF8*$!
{
	archiveVersion = 1;
	classes = {
	};
	objectVersion = 50;
	objects = {

/* Begin PBXBuildFile section */
		8DBEF98B2144DCD30069C80D /* AppDelegate.swift in Sources */ = {isa = PBXBuildFile; fileRef = 8DBEF98A2144DCD30069C80D /* AppDelegate.swift */; };
		8DBEF98D2144DCD40069C80D /* Assets.xcassets in Resources */ = {isa = PBXBuildFile; fileRef = 8DBEF98C2144DCD40069C80D /* Assets.xcassets */; };
		8DBEF9902144DCD40069C80D /* MainMenu.xib in Resources */ = {isa = PBXBuildFile; fileRef = 8DBEF98E2144DCD40069C80D /* MainMenu.xib */; };
		8DBEF9A12144DD1B0069C80D /* ProcessesSchedulerTests.swift in Sources */ = {isa = PBXBuildFile; fileRef = 8DBEF9A02144DD1B0069C80D /* ProcessesSchedulerTests.swift */; };
		8DBEF9AF2144E1170069C80D /* main.swift in Sources */ = {isa = PBXBuildFile; fileRef = 8DBEF9AE2144E1170069C80D /* main.swift */; };
		8DBEF9C12144E1500069C80D /* ExecutionInput.swift in Sources */ = {isa = PBXBuildFile; fileRef = 8DBEF9BD2144E14F0069C80D /* ExecutionInput.swift */; };
		8DBEF9C22144E1500069C80D /* ExecutionOutput.swift in Sources */ = {isa = PBXBuildFile; fileRef = 8DBEF9BE2144E14F0069C80D /* ExecutionOutput.swift */; };
		8DBEF9C32144E1500069C80D /* ProcessScheduler.swift in Sources */ = {isa = PBXBuildFile; fileRef = 8DBEF9BF2144E1500069C80D /* ProcessScheduler.swift */; };
		8DBEF9C42144E1500069C80D /* Process.swift in Sources */ = {isa = PBXBuildFile; fileRef = 8DBEF9C02144E1500069C80D /* Process.swift */; };
		8DBEF9C52144E15F0069C80D /* ExecutionInput.swift in Sources */ = {isa = PBXBuildFile; fileRef = 8DBEF9BD2144E14F0069C80D /* ExecutionInput.swift */; };
		8DBEF9C62144E15F0069C80D /* ExecutionOutput.swift in Sources */ = {isa = PBXBuildFile; fileRef = 8DBEF9BE2144E14F0069C80D /* ExecutionOutput.swift */; };
		8DBEF9C72144E15F0069C80D /* Process.swift in Sources */ = {isa = PBXBuildFile; fileRef = 8DBEF9C02144E1500069C80D /* Process.swift */; };
		8DBEF9C82144E15F0069C80D /* ProcessScheduler.swift in Sources */ = {isa = PBXBuildFile; fileRef = 8DBEF9BF2144E1500069C80D /* ProcessScheduler.swift */; };
/* End PBXBuildFile section */

/* Begin PBXContainerItemProxy section */
		8DBEF9A32144DD1B0069C80D /* PBXContainerItemProxy */ = {
			isa = PBXContainerItemProxy;
			containerPortal = 8D22C77C2144A420007B2EAF /* Project object */;
			proxyType = 1;
			remoteGlobalIDString = 8DBEF9872144DCD30069C80D;
			remoteInfo = Dummy;
		};
/* End PBXContainerItemProxy section */

/* Begin PBXCopyFilesBuildPhase section */
		8DBEF9AA2144E1170069C80D /* CopyFiles */ = {
			isa = PBXCopyFilesBuildPhase;
			buildActionMask = 2147483647;
			dstPath = /usr/share/man/man1/;
			dstSubfolderSpec = 0;
			files = (
			);
			runOnlyForDeploymentPostprocessing = 1;
		};
/* End PBXCopyFilesBuildPhase section */

/* Begin PBXFileReference section */
		8D22C7B12144D3BC007B2EAF /* XCTest.framework */ = {isa = PBXFileReference; lastKnownFileType = wrapper.framework; name = XCTest.framework; path = Platforms/MacOSX.platform/Developer/Library/Frameworks/XCTest.framework; sourceTree = DEVELOPER_DIR; };
		8DBEF9882144DCD30069C80D /* Dummy.app */ = {isa = PBXFileReference; explicitFileType = wrapper.application; includeInIndex = 0; path = Dummy.app; sourceTree = BUILT_PRODUCTS_DIR; };
		8DBEF98A2144DCD30069C80D /* AppDelegate.swift */ = {isa = PBXFileReference; lastKnownFileType = sourcecode.swift; path = AppDelegate.swift; sourceTree = "<group>"; };
		8DBEF98C2144DCD40069C80D /* Assets.xcassets */ = {isa = PBXFileReference; lastKnownFileType = folder.assetcatalog; path = Assets.xcassets; sourceTree = "<group>"; };
		8DBEF98F2144DCD40069C80D /* Base */ = {isa = PBXFileReference; lastKnownFileType = file.xib; name = Base; path = Base.lproj/MainMenu.xib; sourceTree = "<group>"; };
		8DBEF9912144DCD50069C80D /* Info.plist */ = {isa = PBXFileReference; lastKnownFileType = text.plist.xml; path = Info.plist; sourceTree = "<group>"; };
		8DBEF9922144DCD50069C80D /* Dummy.entitlements */ = {isa = PBXFileReference; lastKnownFileType = text.plist.entitlements; path = Dummy.entitlements; sourceTree = "<group>"; };
		8DBEF99E2144DD1B0069C80D /* ProcessesSchedulerTests.xctest */ = {isa = PBXFileReference; explicitFileType = wrapper.cfbundle; includeInIndex = 0; path = ProcessesSchedulerTests.xctest; sourceTree = BUILT_PRODUCTS_DIR; };
		8DBEF9A02144DD1B0069C80D /* ProcessesSchedulerTests.swift */ = {isa = PBXFileReference; lastKnownFileType = sourcecode.swift; path = ProcessesSchedulerTests.swift; sourceTree = "<group>"; };
		8DBEF9A22144DD1B0069C80D /* Info.plist */ = {isa = PBXFileReference; lastKnownFileType = text.plist.xml; path = Info.plist; sourceTree = "<group>"; };
		8DBEF9AC2144E1170069C80D /* ProcessScheduler */ = {isa = PBXFileReference; explicitFileType = "compiled.mach-o.executable"; includeInIndex = 0; path = ProcessScheduler; sourceTree = BUILT_PRODUCTS_DIR; };
		8DBEF9AE2144E1170069C80D /* main.swift */ = {isa = PBXFileReference; lastKnownFileType = sourcecode.swift; path = main.swift; sourceTree = "<group>"; };
		8DBEF9BD2144E14F0069C80D /* ExecutionInput.swift */ = {isa = PBXFileReference; fileEncoding = 4; lastKnownFileType = sourcecode.swift; path = ExecutionInput.swift; sourceTree = "<group>"; };
		8DBEF9BE2144E14F0069C80D /* ExecutionOutput.swift */ = {isa = PBXFileReference; fileEncoding = 4; lastKnownFileType = sourcecode.swift; path = ExecutionOutput.swift; sourceTree = "<group>"; };
		8DBEF9BF2144E1500069C80D /* ProcessScheduler.swift */ = {isa = PBXFileReference; fileEncoding = 4; lastKnownFileType = sourcecode.swift; path = ProcessScheduler.swift; sourceTree = "<group>"; };
		8DBEF9C02144E1500069C80D /* Process.swift */ = {isa = PBXFileReference; fileEncoding = 4; lastKnownFileType = sourcecode.swift; path = Process.swift; sourceTree = "<group>"; };
/* End PBXFileReference section */

/* Begin PBXFrameworksBuildPhase section */
		8DBEF9852144DCD30069C80D /* Frameworks */ = {
			isa = PBXFrameworksBuildPhase;
			buildActionMask = 2147483647;
			files = (
			);
			runOnlyForDeploymentPostprocessing = 0;
		};
		8DBEF99B2144DD1B0069C80D /* Frameworks */ = {
			isa = PBXFrameworksBuildPhase;
			buildActionMask = 2147483647;
			files = (
			);
			runOnlyForDeploymentPostprocessing = 0;
		};
		8DBEF9A92144E1170069C80D /* Frameworks */ = {
			isa = PBXFrameworksBuildPhase;
			buildActionMask = 2147483647;
			files = (
			);
			runOnlyForDeploymentPostprocessing = 0;
		};
/* End PBXFrameworksBuildPhase section */

/* Begin PBXGroup section */
		8D22C77B2144A420007B2EAF = {
			isa = PBXGroup;
			children = (
				8DBEF9AD2144E1170069C80D /* ProcessScheduler */,
				8DBEF99F2144DD1B0069C80D /* ProcessesSchedulerTests */,
				8DBEF9892144DCD30069C80D /* Dummy */,
				8D22C7852144A420007B2EAF /* Products */,
				8D22C7B02144D3BC007B2EAF /* Frameworks */,
			);
			sourceTree = "<group>";
		};
		8D22C7852144A420007B2EAF /* Products */ = {
			isa = PBXGroup;
			children = (
				8DBEF9882144DCD30069C80D /* Dummy.app */,
				8DBEF99E2144DD1B0069C80D /* ProcessesSchedulerTests.xctest */,
				8DBEF9AC2144E1170069C80D /* ProcessScheduler */,
			);
			name = Products;
			sourceTree = "<group>";
		};
		8D22C7B02144D3BC007B2EAF /* Frameworks */ = {
			isa = PBXGroup;
			children = (
				8D22C7B12144D3BC007B2EAF /* XCTest.framework */,
			);
			name = Frameworks;
			sourceTree = "<group>";
		};
		8DBEF9892144DCD30069C80D /* Dummy */ = {
			isa = PBXGroup;
			children = (
				8DBEF98A2144DCD30069C80D /* AppDelegate.swift */,
				8DBEF98C2144DCD40069C80D /* Assets.xcassets */,
				8DBEF98E2144DCD40069C80D /* MainMenu.xib */,
				8DBEF9912144DCD50069C80D /* Info.plist */,
				8DBEF9922144DCD50069C80D /* Dummy.entitlements */,
			);
			path = Dummy;
			sourceTree = "<group>";
		};
		8DBEF99F2144DD1B0069C80D /* ProcessesSchedulerTests */ = {
			isa = PBXGroup;
			children = (
				8DBEF9A02144DD1B0069C80D /* ProcessesSchedulerTests.swift */,
				8DBEF9A22144DD1B0069C80D /* Info.plist */,
			);
			path = ProcessesSchedulerTests;
			sourceTree = "<group>";
		};
		8DBEF9AD2144E1170069C80D /* ProcessScheduler */ = {
			isa = PBXGroup;
			children = (
				8DBEF9BD2144E14F0069C80D /* ExecutionInput.swift */,
				8DBEF9BE2144E14F0069C80D /* ExecutionOutput.swift */,
				8DBEF9C02144E1500069C80D /* Process.swift */,
				8DBEF9BF2144E1500069C80D /* ProcessScheduler.swift */,
				8DBEF9AE2144E1170069C80D /* main.swift */,
			);
			path = ProcessScheduler;
			sourceTree = "<group>";
		};
/* End PBXGroup section */

/* Begin PBXNativeTarget section */
		8DBEF9872144DCD30069C80D /* Dummy */ = {
			isa = PBXNativeTarget;
			buildConfigurationList = 8DBEF9932144DCD50069C80D /* Build configuration list for PBXNativeTarget "Dummy" */;
			buildPhases = (
				8DBEF9842144DCD30069C80D /* Sources */,
				8DBEF9852144DCD30069C80D /* Frameworks */,
				8DBEF9862144DCD30069C80D /* Resources */,
			);
			buildRules = (
			);
			dependencies = (
			);
			name = Dummy;
			productName = Dummy;
			productReference = 8DBEF9882144DCD30069C80D /* Dummy.app */;
			productType = "com.apple.product-type.application";
		};
		8DBEF99D2144DD1B0069C80D /* ProcessesSchedulerTests */ = {
			isa = PBXNativeTarget;
			buildConfigurationList = 8DBEF9A52144DD1B0069C80D /* Build configuration list for PBXNativeTarget "ProcessesSchedulerTests" */;
			buildPhases = (
				8DBEF99A2144DD1B0069C80D /* Sources */,
				8DBEF99B2144DD1B0069C80D /* Frameworks */,
				8DBEF99C2144DD1B0069C80D /* Resources */,
			);
			buildRules = (
			);
			dependencies = (
				8DBEF9A42144DD1B0069C80D /* PBXTargetDependency */,
			);
			name = ProcessesSchedulerTests;
			productName = ProcessesSchedulerTests;
			productReference = 8DBEF99E2144DD1B0069C80D /* ProcessesSchedulerTests.xctest */;
			productType = "com.apple.product-type.bundle.unit-test";
		};
		8DBEF9AB2144E1170069C80D /* ProcessScheduler */ = {
			isa = PBXNativeTarget;
			buildConfigurationList = 8DBEF9B02144E1170069C80D /* Build configuration list for PBXNativeTarget "ProcessScheduler" */;
			buildPhases = (
				8DBEF9A82144E1170069C80D /* Sources */,
				8DBEF9A92144E1170069C80D /* Frameworks */,
				8DBEF9AA2144E1170069C80D /* CopyFiles */,
			);
			buildRules = (
			);
			dependencies = (
			);
			name = ProcessScheduler;
			productName = ProcessScheduler;
			productReference = 8DBEF9AC2144E1170069C80D /* ProcessScheduler */;
			productType = "com.apple.product-type.tool";
		};
/* End PBXNativeTarget section */

/* Begin PBXProject section */
		8D22C77C2144A420007B2EAF /* Project object */ = {
			isa = PBXProject;
			attributes = {
				LastSwiftUpdateCheck = 0940;
				LastUpgradeCheck = 0940;
				ORGANIZATIONNAME = "Homero Oliveira";
				TargetAttributes = {
					8DBEF9872144DCD30069C80D = {
						CreatedOnToolsVersion = 9.4.1;
					};
					8DBEF99D2144DD1B0069C80D = {
						CreatedOnToolsVersion = 9.4.1;
						TestTargetID = 8DBEF9872144DCD30069C80D;
					};
					8DBEF9AB2144E1170069C80D = {
						CreatedOnToolsVersion = 9.4.1;
					};
				};
			};
			buildConfigurationList = 8D22C77F2144A420007B2EAF /* Build configuration list for PBXProject "ProcessScheduler" */;
			compatibilityVersion = "Xcode 9.3";
			developmentRegion = en;
			hasScannedForEncodings = 0;
			knownRegions = (
				en,
				Base,
			);
			mainGroup = 8D22C77B2144A420007B2EAF;
			productRefGroup = 8D22C7852144A420007B2EAF /* Products */;
			projectDirPath = "";
			projectRoot = "";
			targets = (
				8DBEF9872144DCD30069C80D /* Dummy */,
				8DBEF99D2144DD1B0069C80D /* ProcessesSchedulerTests */,
				8DBEF9AB2144E1170069C80D /* ProcessScheduler */,
			);
		};
/* End PBXProject section */

/* Begin PBXResourcesBuildPhase section */
		8DBEF9862144DCD30069C80D /* Resources */ = {
			isa = PBXResourcesBuildPhase;
			buildActionMask = 2147483647;
			files = (
				8DBEF98D2144DCD40069C80D /* Assets.xcassets in Resources */,
				8DBEF9902144DCD40069C80D /* MainMenu.xib in Resources */,
			);
			runOnlyForDeploymentPostprocessing = 0;
		};
		8DBEF99C2144DD1B0069C80D /* Resources */ = {
			isa = PBXResourcesBuildPhase;
			buildActionMask = 2147483647;
			files = (
			);
			runOnlyForDeploymentPostprocessing = 0;
		};
/* End PBXResourcesBuildPhase section */

/* Begin PBXSourcesBuildPhase section */
		8DBEF9842144DCD30069C80D /* Sources */ = {
			isa = PBXSourcesBuildPhase;
			buildActionMask = 2147483647;
			files = (
				8DBEF98B2144DCD30069C80D /* AppDelegate.swift in Sources */,
				8DBEF9C62144E15F0069C80D /* ExecutionOutput.swift in Sources */,
				8DBEF9C52144E15F0069C80D /* ExecutionInput.swift in Sources */,
				8DBEF9C82144E15F0069C80D /* ProcessScheduler.swift in Sources */,
				8DBEF9C72144E15F0069C80D /* Process.swift in Sources */,
			);
			runOnlyForDeploymentPostprocessing = 0;
		};
		8DBEF99A2144DD1B0069C80D /* Sources */ = {
			isa = PBXSourcesBuildPhase;
			buildActionMask = 2147483647;
			files = (
				8DBEF9A12144DD1B0069C80D /* ProcessesSchedulerTests.swift in Sources */,
			);
			runOnlyForDeploymentPostprocessing = 0;
		};
		8DBEF9A82144E1170069C80D /* Sources */ = {
			isa = PBXSourcesBuildPhase;
			buildActionMask = 2147483647;
			files = (
				8DBEF9AF2144E1170069C80D /* main.swift in Sources */,
				8DBEF9C42144E1500069C80D /* Process.swift in Sources */,
				8DBEF9C22144E1500069C80D /* ExecutionOutput.swift in Sources */,
				8DBEF9C12144E1500069C80D /* ExecutionInput.swift in Sources */,
				8DBEF9C32144E1500069C80D /* ProcessScheduler.swift in Sources */,
			);
			runOnlyForDeploymentPostprocessing = 0;
		};
/* End PBXSourcesBuildPhase section */

/* Begin PBXTargetDependency section */
		8DBEF9A42144DD1B0069C80D /* PBXTargetDependency */ = {
			isa = PBXTargetDependency;
			target = 8DBEF9872144DCD30069C80D /* Dummy */;
			targetProxy = 8DBEF9A32144DD1B0069C80D /* PBXContainerItemProxy */;
		};
/* End PBXTargetDependency section */

/* Begin PBXVariantGroup section */
		8DBEF98E2144DCD40069C80D /* MainMenu.xib */ = {
			isa = PBXVariantGroup;
			children = (
				8DBEF98F2144DCD40069C80D /* Base */,
			);
			name = MainMenu.xib;
			sourceTree = "<group>";
		};
/* End PBXVariantGroup section */

/* Begin XCBuildConfiguration section */
		8D22C7892144A420007B2EAF /* Debug */ = {
			isa = XCBuildConfiguration;
			buildSettings = {
				ALWAYS_SEARCH_USER_PATHS = NO;
				CLANG_ANALYZER_NONNULL = YES;
				CLANG_ANALYZER_NUMBER_OBJECT_CONVERSION = YES_AGGRESSIVE;
				CLANG_CXX_LANGUAGE_STANDARD = "gnu++14";
				CLANG_CXX_LIBRARY = "libc++";
				CLANG_ENABLE_MODULES = YES;
				CLANG_ENABLE_OBJC_ARC = YES;
				CLANG_ENABLE_OBJC_WEAK = YES;
				CLANG_WARN_BLOCK_CAPTURE_AUTORELEASING = YES;
				CLANG_WARN_BOOL_CONVERSION = YES;
				CLANG_WARN_COMMA = YES;
				CLANG_WARN_CONSTANT_CONVERSION = YES;
				CLANG_WARN_DEPRECATED_OBJC_IMPLEMENTATIONS = YES;
				CLANG_WARN_DIRECT_OBJC_ISA_USAGE = YES_ERROR;
				CLANG_WARN_DOCUMENTATION_COMMENTS = YES;
				CLANG_WARN_EMPTY_BODY = YES;
				CLANG_WARN_ENUM_CONVERSION = YES;
				CLANG_WARN_INFINITE_RECURSION = YES;
				CLANG_WARN_INT_CONVERSION = YES;
				CLANG_WARN_NON_LITERAL_NULL_CONVERSION = YES;
				CLANG_WARN_OBJC_IMPLICIT_RETAIN_SELF = YES;
				CLANG_WARN_OBJC_LITERAL_CONVERSION = YES;
				CLANG_WARN_OBJC_ROOT_CLASS = YES_ERROR;
				CLANG_WARN_RANGE_LOOP_ANALYSIS = YES;
				CLANG_WARN_STRICT_PROTOTYPES = YES;
				CLANG_WARN_SUSPICIOUS_MOVE = YES;
				CLANG_WARN_UNGUARDED_AVAILABILITY = YES_AGGRESSIVE;
				CLANG_WARN_UNREACHABLE_CODE = YES;
				CLANG_WARN__DUPLICATE_METHOD_MATCH = YES;
				CODE_SIGN_IDENTITY = "Mac Developer";
				COPY_PHASE_STRIP = NO;
				DEBUG_INFORMATION_FORMAT = dwarf;
				ENABLE_STRICT_OBJC_MSGSEND = YES;
				ENABLE_TESTABILITY = YES;
				GCC_C_LANGUAGE_STANDARD = gnu11;
				GCC_DYNAMIC_NO_PIC = NO;
				GCC_NO_COMMON_BLOCKS = YES;
				GCC_OPTIMIZATION_LEVEL = 0;
				GCC_PREPROCESSOR_DEFINITIONS = (
					"DEBUG=1",
					"$(inherited)",
				);
				GCC_WARN_64_TO_32_BIT_CONVERSION = YES;
				GCC_WARN_ABOUT_RETURN_TYPE = YES_ERROR;
				GCC_WARN_UNDECLARED_SELECTOR = YES;
				GCC_WARN_UNINITIALIZED_AUTOS = YES_AGGRESSIVE;
				GCC_WARN_UNUSED_FUNCTION = YES;
				GCC_WARN_UNUSED_VARIABLE = YES;
				MACOSX_DEPLOYMENT_TARGET = 10.14;
				MTL_ENABLE_DEBUG_INFO = YES;
				ONLY_ACTIVE_ARCH = YES;
				SDKROOT = macosx;
				SWIFT_ACTIVE_COMPILATION_CONDITIONS = DEBUG;
				SWIFT_OPTIMIZATION_LEVEL = "-Onone";
			};
			name = Debug;
		};
		8D22C78A2144A420007B2EAF /* Release */ = {
			isa = XCBuildConfiguration;
			buildSettings = {
				ALWAYS_SEARCH_USER_PATHS = NO;
				CLANG_ANALYZER_NONNULL = YES;
				CLANG_ANALYZER_NUMBER_OBJECT_CONVERSION = YES_AGGRESSIVE;
				CLANG_CXX_LANGUAGE_STANDARD = "gnu++14";
				CLANG_CXX_LIBRARY = "libc++";
				CLANG_ENABLE_MODULES = YES;
				CLANG_ENABLE_OBJC_ARC = YES;
				CLANG_ENABLE_OBJC_WEAK = YES;
				CLANG_WARN_BLOCK_CAPTURE_AUTORELEASING = YES;
				CLANG_WARN_BOOL_CONVERSION = YES;
				CLANG_WARN_COMMA = YES;
				CLANG_WARN_CONSTANT_CONVERSION = YES;
				CLANG_WARN_DEPRECATED_OBJC_IMPLEMENTATIONS = YES;
				CLANG_WARN_DIRECT_OBJC_ISA_USAGE = YES_ERROR;
				CLANG_WARN_DOCUMENTATION_COMMENTS = YES;
				CLANG_WARN_EMPTY_BODY = YES;
				CLANG_WARN_ENUM_CONVERSION = YES;
				CLANG_WARN_INFINITE_RECURSION = YES;
				CLANG_WARN_INT_CONVERSION = YES;
				CLANG_WARN_NON_LITERAL_NULL_CONVERSION = YES;
				CLANG_WARN_OBJC_IMPLICIT_RETAIN_SELF = YES;
				CLANG_WARN_OBJC_LITERAL_CONVERSION = YES;
				CLANG_WARN_OBJC_ROOT_CLASS = YES_ERROR;
				CLANG_WARN_RANGE_LOOP_ANALYSIS = YES;
				CLANG_WARN_STRICT_PROTOTYPES = YES;
				CLANG_WARN_SUSPICIOUS_MOVE = YES;
				CLANG_WARN_UNGUARDED_AVAILABILITY = YES_AGGRESSIVE;
				CLANG_WARN_UNREACHABLE_CODE = YES;
				CLANG_WARN__DUPLICATE_METHOD_MATCH = YES;
				CODE_SIGN_IDENTITY = "Mac Developer";
				COPY_PHASE_STRIP = NO;
				DEBUG_INFORMATION_FORMAT = "dwarf-with-dsym";
				ENABLE_NS_ASSERTIONS = NO;
				ENABLE_STRICT_OBJC_MSGSEND = YES;
				GCC_C_LANGUAGE_STANDARD = gnu11;
				GCC_NO_COMMON_BLOCKS = YES;
				GCC_WARN_64_TO_32_BIT_CONVERSION = YES;
				GCC_WARN_ABOUT_RETURN_TYPE = YES_ERROR;
				GCC_WARN_UNDECLARED_SELECTOR = YES;
				GCC_WARN_UNINITIALIZED_AUTOS = YES_AGGRESSIVE;
				GCC_WARN_UNUSED_FUNCTION = YES;
				GCC_WARN_UNUSED_VARIABLE = YES;
				MACOSX_DEPLOYMENT_TARGET = 10.14;
				MTL_ENABLE_DEBUG_INFO = NO;
				SDKROOT = macosx;
				SWIFT_COMPILATION_MODE = wholemodule;
				SWIFT_OPTIMIZATION_LEVEL = "-O";
			};
			name = Release;
		};
		8DBEF9942144DCD50069C80D /* Debug */ = {
			isa = XCBuildConfiguration;
			buildSettings = {
				ASSETCATALOG_COMPILER_APPICON_NAME = AppIcon;
				CODE_SIGN_ENTITLEMENTS = Dummy/Dummy.entitlements;
				CODE_SIGN_STYLE = Automatic;
				COMBINE_HIDPI_IMAGES = YES;
				DEVELOPMENT_TEAM = 6UW4NKHZQ4;
				INFOPLIST_FILE = Dummy/Info.plist;
				LD_RUNPATH_SEARCH_PATHS = (
					"$(inherited)",
					"@executable_path/../Frameworks",
				);
				PRODUCT_BUNDLE_IDENTIFIER = com.pucrs.sisop.Dummy;
				PRODUCT_NAME = "$(TARGET_NAME)";
				SWIFT_VERSION = 4.0;
			};
			name = Debug;
		};
		8DBEF9952144DCD50069C80D /* Release */ = {
			isa = XCBuildConfiguration;
			buildSettings = {
				ASSETCATALOG_COMPILER_APPICON_NAME = AppIcon;
				CODE_SIGN_ENTITLEMENTS = Dummy/Dummy.entitlements;
				CODE_SIGN_STYLE = Automatic;
				COMBINE_HIDPI_IMAGES = YES;
				DEVELOPMENT_TEAM = 6UW4NKHZQ4;
				INFOPLIST_FILE = Dummy/Info.plist;
				LD_RUNPATH_SEARCH_PATHS = (
					"$(inherited)",
					"@executable_path/../Frameworks",
				);
				PRODUCT_BUNDLE_IDENTIFIER = com.pucrs.sisop.Dummy;
				PRODUCT_NAME = "$(TARGET_NAME)";
				SWIFT_VERSION = 4.0;
			};
			name = Release;
		};
		8DBEF9A62144DD1B0069C80D /* Debug */ = {
			isa = XCBuildConfiguration;
			buildSettings = {
				BUNDLE_LOADER = "$(TEST_HOST)";
				CODE_SIGN_STYLE = Automatic;
				COMBINE_HIDPI_IMAGES = YES;
				DEVELOPMENT_TEAM = 6UW4NKHZQ4;
				INFOPLIST_FILE = ProcessesSchedulerTests/Info.plist;
				LD_RUNPATH_SEARCH_PATHS = (
					"$(inherited)",
					"@executable_path/../Frameworks",
					"@loader_path/../Frameworks",
				);
				PRODUCT_BUNDLE_IDENTIFIER = com.pucrs.sisop.ProcessesSchedulerTests;
				PRODUCT_NAME = "$(TARGET_NAME)";
				SWIFT_VERSION = 4.0;
				TEST_HOST = "$(BUILT_PRODUCTS_DIR)/Dummy.app/Contents/MacOS/Dummy";
			};
			name = Debug;
		};
		8DBEF9A72144DD1B0069C80D /* Release */ = {
			isa = XCBuildConfiguration;
			buildSettings = {
				BUNDLE_LOADER = "$(TEST_HOST)";
				CODE_SIGN_STYLE = Automatic;
				COMBINE_HIDPI_IMAGES = YES;
				DEVELOPMENT_TEAM = 6UW4NKHZQ4;
				INFOPLIST_FILE = ProcessesSchedulerTests/Info.plist;
				LD_RUNPATH_SEARCH_PATHS = (
					"$(inherited)",
					"@executable_path/../Frameworks",
					"@loader_path/../Frameworks",
				);
				PRODUCT_BUNDLE_IDENTIFIER = com.pucrs.sisop.ProcessesSchedulerTests;
				PRODUCT_NAME = "$(TARGET_NAME)";
				SWIFT_VERSION = 4.0;
				TEST_HOST = "$(BUILT_PRODUCTS_DIR)/Dummy.app/Contents/MacOS/Dummy";
			};
			name = Release;
		};
		8DBEF9B12144E1170069C80D /* Debug */ = {
			isa = XCBuildConfiguration;
			buildSettings = {
				CODE_SIGN_STYLE = Automatic;
				DEVELOPMENT_TEAM = 6UW4NKHZQ4;
				PRODUCT_NAME = "$(TARGET_NAME)";
				SWIFT_VERSION = 4.0;
			};
			name = Debug;
		};
		8DBEF9B22144E1170069C80D /* Release */ = {
			isa = XCBuildConfiguration;
			buildSettings = {
				CODE_SIGN_STYLE = Automatic;
				DEVELOPMENT_TEAM = 6UW4NKHZQ4;
				PRODUCT_NAME = "$(TARGET_NAME)";
				SWIFT_VERSION = 4.0;
			};
			name = Release;
		};
/* End XCBuildConfiguration section */

/* Begin XCConfigurationList section */
		8D22C77F2144A420007B2EAF /* Build configuration list for PBXProject "ProcessScheduler" */ = {
			isa = XCConfigurationList;
			buildConfigurations = (
				8D22C7892144A420007B2EAF /* Debug */,
				8D22C78A2144A420007B2EAF /* Release */,
			);
			defaultConfigurationIsVisible = 0;
			defaultConfigurationName = Release;
		};
		8DBEF9932144DCD50069C80D /* Build configuration list for PBXNativeTarget "Dummy" */ = {
			isa = XCConfigurationList;
			buildConfigurations = (
				8DBEF9942144DCD50069C80D /* Debug */,
				8DBEF9952144DCD50069C80D /* Release */,
			);
			defaultConfigurationIsVisible = 0;
			defaultConfigurationName = Release;
		};
		8DBEF9A52144DD1B0069C80D /* Build configuration list for PBXNativeTarget "ProcessesSchedulerTests" */ = {
			isa = XCConfigurationList;
			buildConfigurations = (
				8DBEF9A62144DD1B0069C80D /* Debug */,
				8DBEF9A72144DD1B0069C80D /* Release */,
			);
			defaultConfigurationIsVisible = 0;
			defaultConfigurationName = Release;
		};
		8DBEF9B02144E1170069C80D /* Build configuration list for PBXNativeTarget "ProcessScheduler" */ = {
			isa = XCConfigurationList;
			buildConfigurations = (
				8DBEF9B12144E1170069C80D /* Debug */,
				8DBEF9B22144E1170069C80D /* Release */,
			);
			defaultConfigurationIsVisible = 0;
			defaultConfigurationName = Release;
		};
/* End XCConfigurationList section */
	};
	rootObject = 8D22C77C2144A420007B2EAF /* Project object */;
}
